
Microsoft Visual Studio Solution File, Format Version 12.00
# Visual Studio Version 16
VisualStudioVersion = 16.0.31410.357
MinimumVisualStudioVersion = 10.0.40219.1
Project("{FAE04EC0-301F-11D3-BF4B-00C04F79EFBC}") = "WebAWSTextract", "WebAWSTextract.csproj", "{B5A34D50-31D1-49FD-BF7F-33D82CB52140}"
EndProject
Global
	GlobalSection(SolutionConfigurationPlatforms) = preSolution
		Debug|Any CPU = Debug|Any CPU
		Release|Any CPU = Release|Any CPU
	EndGlobalSection
	GlobalSection(ProjectConfigurationPlatforms) = postSolution
		{B5A34D50-31D1-49FD-BF7F-33D82CB52140}.Debug|Any CPU.ActiveCfg = Debug|Any CPU
		{B5A34D50-31D1-49FD-BF7F-33D82CB52140}.Debug|Any CPU.Build.0 = Debug|Any CPU
		{B5A34D50-31D1-49FD-BF7F-33D82CB52140}.Release|Any CPU.ActiveCfg = Release|Any CPU
		{B5A34D50-31D1-49FD-BF7F-33D82CB52140}.Release|Any CPU.Build.0 = Release|Any CPU
	EndGlobalSection
	GlobalSection(SolutionProperties) = preSolution
		HideSolutionNode = FALSE
	EndGlobalSection
	GlobalSection(ExtensibilityGlobals) = postSolution
		SolutionGuid = {014CFFA4-A21A-4B69-A31B-C1EDC5BE0D7D}
	EndGlobalSection
EndGlobal
